
Microsoft Visual Studio Solution File, Format Version 12.00
# Visual Studio Version 17
VisualStudioVersion = 17.14.35821.62
MinimumVisualStudioVersion = 10.0.40219.1
Project("{2150E333-8FDC-42A3-9474-1A3956D46DE8}") = "src", "src", "{02EA681E-C7D8-13C7-8484-4AC65E1B71E8}"
EndProject
Project("{FAE04EC0-301F-11D3-BF4B-00C04F79EFBC}") = "SieveOperations.Api", "src\SieveOperations.Api\SieveOperations.Api.csproj", "{7E1D11E8-79C2-4D31-AE03-9DDE026B1A0F}"
EndProject
Project("{2150E333-8FDC-42A3-9474-1A3956D46DE8}") = "tests", "tests", "{0AB3BF05-4346-4AA6-1389-037BE0695223}"
EndProject
Project("{FAE04EC0-301F-11D3-BF4B-00C04F79EFBC}") = "SieveOperations.Tests", "tests\SieveOperations.Tests\SieveOperations.Tests.csproj", "{E2C7A522-55EB-405F-8531-1F2F702A0C44}"
EndProject
Global
	GlobalSection(SolutionConfigurationPlatforms) = preSolution
		Debug|Any CPU = Debug|Any CPU
		Debug|x64 = Debug|x64
		Debug|x86 = Debug|x86
		Release|Any CPU = Release|Any CPU
		Release|x64 = Release|x64
		Release|x86 = Release|x86
	EndGlobalSection
	GlobalSection(ProjectConfigurationPlatforms) = postSolution
		{7E1D11E8-79C2-4D31-AE03-9DDE026B1A0F}.Debug|Any CPU.ActiveCfg = Debug|Any CPU
		{7E1D11E8-79C2-4D31-AE03-9DDE026B1A0F}.Debug|Any CPU.Build.0 = Debug|Any CPU
		{7E1D11E8-79C2-4D31-AE03-9DDE026B1A0F}.Debug|x64.ActiveCfg = Debug|Any CPU
		{7E1D11E8-79C2-4D31-AE03-9DDE026B1A0F}.Debug|x64.Build.0 = Debug|Any CPU
		{7E1D11E8-79C2-4D31-AE03-9DDE026B1A0F}.Debug|x86.ActiveCfg = Debug|Any CPU
		{7E1D11E8-79C2-4D31-AE03-9DDE026B1A0F}.Debug|x86.Build.0 = Debug|Any CPU
		{7E1D11E8-79C2-4D31-AE03-9DDE026B1A0F}.Release|Any CPU.ActiveCfg = Release|Any CPU
		{7E1D11E8-79C2-4D31-AE03-9DDE026B1A0F}.Release|Any CPU.Build.0 = Release|Any CPU
		{7E1D11E8-79C2-4D31-AE03-9DDE026B1A0F}.Release|x64.ActiveCfg = Release|Any CPU
		{7E1D11E8-79C2-4D31-AE03-9DDE026B1A0F}.Release|x64.Build.0 = Release|Any CPU
		{7E1D11E8-79C2-4D31-AE03-9DDE026B1A0F}.Release|x86.ActiveCfg = Release|Any CPU
		{7E1D11E8-79C2-4D31-AE03-9DDE026B1A0F}.Release|x86.Build.0 = Release|Any CPU
		{E2C7A522-55EB-405F-8531-1F2F702A0C44}.Debug|Any CPU.ActiveCfg = Debug|Any CPU
		{E2C7A522-55EB-405F-8531-1F2F702A0C44}.Debug|Any CPU.Build.0 = Debug|Any CPU
		{E2C7A522-55EB-405F-8531-1F2F702A0C44}.Debug|x64.ActiveCfg = Debug|Any CPU
		{E2C7A522-55EB-405F-8531-1F2F702A0C44}.Debug|x64.Build.0 = Debug|Any CPU
		{E2C7A522-55EB-405F-8531-1F2F702A0C44}.Debug|x86.ActiveCfg = Debug|Any CPU
		{E2C7A522-55EB-405F-8531-1F2F702A0C44}.Debug|x86.Build.0 = Debug|Any CPU
		{E2C7A522-55EB-405F-8531-1F2F702A0C44}.Release|Any CPU.ActiveCfg = Release|Any CPU
		{E2C7A522-55EB-405F-8531-1F2F702A0C44}.Release|Any CPU.Build.0 = Release|Any CPU
		{E2C7A522-55EB-405F-8531-1F2F702A0C44}.Release|x64.ActiveCfg = Release|Any CPU
		{E2C7A522-55EB-405F-8531-1F2F702A0C44}.Release|x64.Build.0 = Release|Any CPU
		{E2C7A522-55EB-405F-8531-1F2F702A0C44}.Release|x86.ActiveCfg = Release|Any CPU
		{E2C7A522-55EB-405F-8531-1F2F702A0C44}.Release|x86.Build.0 = Release|Any CPU
	EndGlobalSection
	GlobalSection(SolutionProperties) = preSolution
		HideSolutionNode = FALSE
	EndGlobalSection
	GlobalSection(NestedProjects) = preSolution
		{7E1D11E8-79C2-4D31-AE03-9DDE026B1A0F} = {02EA681E-C7D8-13C7-8484-4AC65E1B71E8}
		{E2C7A522-55EB-405F-8531-1F2F702A0C44} = {0AB3BF05-4346-4AA6-1389-037BE0695223}
	EndGlobalSection
	GlobalSection(ExtensibilityGlobals) = postSolution
		SolutionGuid = {C0746F5D-D854-4E60-8CC3-5965E2D0DBAF}
	EndGlobalSection
EndGlobal
